
Microsoft Visual Studio Solution File, Format Version 12.00
# Visual Studio Version 17
VisualStudioVersion = 17.2.32516.85
MinimumVisualStudioVersion = 10.0.40219.1
Project("{FAE04EC0-301F-11D3-BF4B-00C04F79EFBC}") = "Card Game", "Card Game.csproj", "{DBAE7345-1AA2-44E7-AA6E-89E93ACA23B0}"
EndProject
Global
	GlobalSection(SolutionConfigurationPlatforms) = preSolution
		Debug|Any CPU = Debug|Any CPU
		Release|Any CPU = Release|Any CPU
	EndGlobalSection
	GlobalSection(ProjectConfigurationPlatforms) = postSolution
		{DBAE7345-1AA2-44E7-AA6E-89E93ACA23B0}.Debug|Any CPU.ActiveCfg = Debug|Any CPU
		{DBAE7345-1AA2-44E7-AA6E-89E93ACA23B0}.Debug|Any CPU.Build.0 = Debug|Any CPU
		{DBAE7345-1AA2-44E7-AA6E-89E93ACA23B0}.Release|Any CPU.ActiveCfg = Release|Any CPU
		{DBAE7345-1AA2-44E7-AA6E-89E93ACA23B0}.Release|Any CPU.Build.0 = Release|Any CPU
	EndGlobalSection
	GlobalSection(SolutionProperties) = preSolution
		HideSolutionNode = FALSE
	EndGlobalSection
	GlobalSection(ExtensibilityGlobals) = postSolution
		SolutionGuid = {8BFC3000-9484-4DCC-B586-C9B4A900F047}
	EndGlobalSection
EndGlobal
